
Microsoft Visual Studio Solution File, Format Version 12.00
# Visual Studio 15
VisualStudioVersion = 15.0.27703.2026
MinimumVisualStudioVersion = 10.0.40219.1
Project("{FAE04EC0-301F-11D3-BF4B-00C04F79EFBC}") = "ProyectoFotoMVC", "ProyectoFotoMVC\ProyectoFotoMVC.csproj", "{9D667AAD-C642-4476-B158-C43BD9F130F7}"
EndProject
Project("{FAE04EC0-301F-11D3-BF4B-00C04F79EFBC}") = "RepositorioPictureManager", "RepositorioPictureManager\RepositorioPictureManager.csproj", "{3F97BF73-E755-40F5-A642-58CF35D2CF6F}"
EndProject
Global
	GlobalSection(SolutionConfigurationPlatforms) = preSolution
		Debug|Any CPU = Debug|Any CPU
		Release|Any CPU = Release|Any CPU
	EndGlobalSection
	GlobalSection(ProjectConfigurationPlatforms) = postSolution
		{9D667AAD-C642-4476-B158-C43BD9F130F7}.Debug|Any CPU.ActiveCfg = Debug|Any CPU
		{9D667AAD-C642-4476-B158-C43BD9F130F7}.Debug|Any CPU.Build.0 = Debug|Any CPU
		{9D667AAD-C642-4476-B158-C43BD9F130F7}.Release|Any CPU.ActiveCfg = Release|Any CPU
		{9D667AAD-C642-4476-B158-C43BD9F130F7}.Release|Any CPU.Build.0 = Release|Any CPU
		{3F97BF73-E755-40F5-A642-58CF35D2CF6F}.Debug|Any CPU.ActiveCfg = Debug|Any CPU
		{3F97BF73-E755-40F5-A642-58CF35D2CF6F}.Debug|Any CPU.Build.0 = Debug|Any CPU
		{3F97BF73-E755-40F5-A642-58CF35D2CF6F}.Release|Any CPU.ActiveCfg = Release|Any CPU
		{3F97BF73-E755-40F5-A642-58CF35D2CF6F}.Release|Any CPU.Build.0 = Release|Any CPU
	EndGlobalSection
	GlobalSection(SolutionProperties) = preSolution
		HideSolutionNode = FALSE
	EndGlobalSection
	GlobalSection(ExtensibilityGlobals) = postSolution
		SolutionGuid = {7B5DFF70-CA16-49C7-9C0D-65ADDBDA59D0}
	EndGlobalSection
EndGlobal
